
Microsoft Visual Studio Solution File, Format Version 12.00
# Visual Studio Version 16
VisualStudioVersion = 16.0.31702.278
MinimumVisualStudioVersion = 10.0.40219.1
Project("{FAE04EC0-301F-11D3-BF4B-00C04F79EFBC}") = "Lab6", "Lab6\Lab6.csproj", "{774B25B8-211D-4888-961E-6B95EBB7DF10}"
EndProject
Global
	GlobalSection(SolutionConfigurationPlatforms) = preSolution
		Debug|Any CPU = Debug|Any CPU
		Release|Any CPU = Release|Any CPU
	EndGlobalSection
	GlobalSection(ProjectConfigurationPlatforms) = postSolution
		{774B25B8-211D-4888-961E-6B95EBB7DF10}.Debug|Any CPU.ActiveCfg = Debug|Any CPU
		{774B25B8-211D-4888-961E-6B95EBB7DF10}.Debug|Any CPU.Build.0 = Debug|Any CPU
		{774B25B8-211D-4888-961E-6B95EBB7DF10}.Release|Any CPU.ActiveCfg = Release|Any CPU
		{774B25B8-211D-4888-961E-6B95EBB7DF10}.Release|Any CPU.Build.0 = Release|Any CPU
	EndGlobalSection
	GlobalSection(SolutionProperties) = preSolution
		HideSolutionNode = FALSE
	EndGlobalSection
	GlobalSection(ExtensibilityGlobals) = postSolution
		SolutionGuid = {7C3E64E5-A00B-43C6-A636-4A578B0C307B}
	EndGlobalSection
EndGlobal
